// !$*UTF8*$!
{
	archiveVersion = 1;
	classes = {
	};
	objectVersion = 56;
	objects = {

/* Begin PBXBuildFile section */
		7A2ABCD12BF742CA0054A604 /* FontColor.swift in Sources */ = {isa = PBXBuildFile; fileRef = 7A2ABCD02BF742CA0054A604 /* FontColor.swift */; };
		7A2ABCD32BF7434A0054A604 /* ChipColor.swift in Sources */ = {isa = PBXBuildFile; fileRef = 7A2ABCD22BF7434A0054A604 /* ChipColor.swift */; };
		7A2ABCD52BF743E70054A604 /* ThemeColor.swift in Sources */ = {isa = PBXBuildFile; fileRef = 7A2ABCD42BF743E70054A604 /* ThemeColor.swift */; };
		7A2ABCD72BF744100054A604 /* ButtonColor.swift in Sources */ = {isa = PBXBuildFile; fileRef = 7A2ABCD62BF744100054A604 /* ButtonColor.swift */; };
		7A2ABCDB2BF747BE0054A604 /* Pretendard-SemiBold.otf in Resources */ = {isa = PBXBuildFile; fileRef = 7A2ABCD92BF747BE0054A604 /* Pretendard-SemiBold.otf */; };
		7A2ABCDC2BF747BE0054A604 /* Pretendard-Bold.otf in Resources */ = {isa = PBXBuildFile; fileRef = 7A2ABCDA2BF747BE0054A604 /* Pretendard-Bold.otf */; };
		7A2ABCDF2BF748130054A604 /* Font.swift in Sources */ = {isa = PBXBuildFile; fileRef = 7A2ABCDE2BF748130054A604 /* Font.swift */; };
		7A2ABCE12BF74B090054A604 /* TossFaceFontMac.ttf in Resources */ = {isa = PBXBuildFile; fileRef = 7A2ABCE02BF74B090054A604 /* TossFaceFontMac.ttf */; };
		7A2ABCE42BF74F3F0054A604 /* FlowLayout.swift in Sources */ = {isa = PBXBuildFile; fileRef = 7A2ABCE32BF74F3F0054A604 /* FlowLayout.swift */; };
		7A2ABCE62BF798AB0054A604 /* FlexableScrollLayout.swift in Sources */ = {isa = PBXBuildFile; fileRef = 7A2ABCE52BF798AB0054A604 /* FlexableScrollLayout.swift */; };
		7A2ABCF52BF82F780054A604 /* ContentButtonStyle.swift in Sources */ = {isa = PBXBuildFile; fileRef = 7A2ABCF32BF82F780054A604 /* ContentButtonStyle.swift */; };
		7A2ABCF62BF82F780054A604 /* PrimaryButtonStyle.swift in Sources */ = {isa = PBXBuildFile; fileRef = 7A2ABCF42BF82F780054A604 /* PrimaryButtonStyle.swift */; };
		7A2ABCFD2BF830E20054A604 /* AccentTextFieldStyle.swift in Sources */ = {isa = PBXBuildFile; fileRef = 7A2ABCFC2BF830E20054A604 /* AccentTextFieldStyle.swift */; };
		7A2ABCFF2BF8313E0054A604 /* ChipLayout.swift in Sources */ = {isa = PBXBuildFile; fileRef = 7A2ABCFE2BF8313E0054A604 /* ChipLayout.swift */; };
		7A2ABD022BF832E90054A604 /* ChipButtonStyle.swift in Sources */ = {isa = PBXBuildFile; fileRef = 7A2ABD012BF832E90054A604 /* ChipButtonStyle.swift */; };
		7AF0A27C2BF6F32A0068CB48 /* ExplolerApp.swift in Sources */ = {isa = PBXBuildFile; fileRef = 7AF0A27B2BF6F32A0068CB48 /* ExplolerApp.swift */; };
		7AF0A27E2BF6F32A0068CB48 /* ContentView.swift in Sources */ = {isa = PBXBuildFile; fileRef = 7AF0A27D2BF6F32A0068CB48 /* ContentView.swift */; };
		7AF0A2802BF6F32B0068CB48 /* Assets.xcassets in Resources */ = {isa = PBXBuildFile; fileRef = 7AF0A27F2BF6F32B0068CB48 /* Assets.xcassets */; };
		7AF0A2832BF6F32B0068CB48 /* Preview Assets.xcassets in Resources */ = {isa = PBXBuildFile; fileRef = 7AF0A2822BF6F32B0068CB48 /* Preview Assets.xcassets */; };
/* End PBXBuildFile section */

/* Begin PBXFileReference section */
		7A2ABCD02BF742CA0054A604 /* FontColor.swift */ = {isa = PBXFileReference; lastKnownFileType = sourcecode.swift; path = FontColor.swift; sourceTree = "<group>"; };
		7A2ABCD22BF7434A0054A604 /* ChipColor.swift */ = {isa = PBXFileReference; lastKnownFileType = sourcecode.swift; path = ChipColor.swift; sourceTree = "<group>"; };
		7A2ABCD42BF743E70054A604 /* ThemeColor.swift */ = {isa = PBXFileReference; lastKnownFileType = sourcecode.swift; path = ThemeColor.swift; sourceTree = "<group>"; };
		7A2ABCD62BF744100054A604 /* ButtonColor.swift */ = {isa = PBXFileReference; lastKnownFileType = sourcecode.swift; path = ButtonColor.swift; sourceTree = "<group>"; };
		7A2ABCD92BF747BE0054A604 /* Pretendard-SemiBold.otf */ = {isa = PBXFileReference; lastKnownFileType = file; path = "Pretendard-SemiBold.otf"; sourceTree = "<group>"; };
		7A2ABCDA2BF747BE0054A604 /* Pretendard-Bold.otf */ = {isa = PBXFileReference; lastKnownFileType = file; path = "Pretendard-Bold.otf"; sourceTree = "<group>"; };
		7A2ABCDD2BF747F70054A604 /* Info.plist */ = {isa = PBXFileReference; lastKnownFileType = text.plist; path = Info.plist; sourceTree = "<group>"; };
		7A2ABCDE2BF748130054A604 /* Font.swift */ = {isa = PBXFileReference; lastKnownFileType = sourcecode.swift; path = Font.swift; sourceTree = "<group>"; };
		7A2ABCE02BF74B090054A604 /* TossFaceFontMac.ttf */ = {isa = PBXFileReference; lastKnownFileType = file; path = TossFaceFontMac.ttf; sourceTree = "<group>"; };
		7A2ABCE32BF74F3F0054A604 /* FlowLayout.swift */ = {isa = PBXFileReference; lastKnownFileType = sourcecode.swift; path = FlowLayout.swift; sourceTree = "<group>"; };
		7A2ABCE52BF798AB0054A604 /* FlexableScrollLayout.swift */ = {isa = PBXFileReference; lastKnownFileType = sourcecode.swift; path = FlexableScrollLayout.swift; sourceTree = "<group>"; };
		7A2ABCF32BF82F780054A604 /* ContentButtonStyle.swift */ = {isa = PBXFileReference; fileEncoding = 4; lastKnownFileType = sourcecode.swift; name = ContentButtonStyle.swift; path = Exploler/Component/Style/ButtonStyle/ContentButtonStyle.swift; sourceTree = SOURCE_ROOT; };
		7A2ABCF42BF82F780054A604 /* PrimaryButtonStyle.swift */ = {isa = PBXFileReference; fileEncoding = 4; lastKnownFileType = sourcecode.swift; name = PrimaryButtonStyle.swift; path = Exploler/Component/Style/ButtonStyle/PrimaryButtonStyle.swift; sourceTree = SOURCE_ROOT; };
		7A2ABCFC2BF830E20054A604 /* AccentTextFieldStyle.swift */ = {isa = PBXFileReference; fileEncoding = 4; lastKnownFileType = sourcecode.swift; name = AccentTextFieldStyle.swift; path = Exploler/Component/Style/TextFeildStyle/AccentTextFieldStyle.swift; sourceTree = SOURCE_ROOT; };
		7A2ABCFE2BF8313E0054A604 /* ChipLayout.swift */ = {isa = PBXFileReference; lastKnownFileType = sourcecode.swift; name = ChipLayout.swift; path = Exploler/Component/Layout/ChipLayout.swift; sourceTree = SOURCE_ROOT; };
		7A2ABD012BF832E90054A604 /* ChipButtonStyle.swift */ = {isa = PBXFileReference; lastKnownFileType = sourcecode.swift; name = ChipButtonStyle.swift; path = "Exploler/Component/ㄴ쇼ㅣㄷ/ButtonStyle/ChipButtonStyle.swift"; sourceTree = SOURCE_ROOT; };
		7AF0A2782BF6F32A0068CB48 /* Exploler.app */ = {isa = PBXFileReference; explicitFileType = wrapper.application; includeInIndex = 0; path = Exploler.app; sourceTree = BUILT_PRODUCTS_DIR; };
		7AF0A27B2BF6F32A0068CB48 /* ExplolerApp.swift */ = {isa = PBXFileReference; lastKnownFileType = sourcecode.swift; path = ExplolerApp.swift; sourceTree = "<group>"; };
		7AF0A27D2BF6F32A0068CB48 /* ContentView.swift */ = {isa = PBXFileReference; lastKnownFileType = sourcecode.swift; path = ContentView.swift; sourceTree = "<group>"; };
		7AF0A27F2BF6F32B0068CB48 /* Assets.xcassets */ = {isa = PBXFileReference; lastKnownFileType = folder.assetcatalog; path = Assets.xcassets; sourceTree = "<group>"; };
		7AF0A2822BF6F32B0068CB48 /* Preview Assets.xcassets */ = {isa = PBXFileReference; lastKnownFileType = folder.assetcatalog; path = "Preview Assets.xcassets"; sourceTree = "<group>"; };
/* End PBXFileReference section */

/* Begin PBXFrameworksBuildPhase section */
		7AF0A2752BF6F32A0068CB48 /* Frameworks */ = {
			isa = PBXFrameworksBuildPhase;
			buildActionMask = 2147483647;
			files = (
			);
			runOnlyForDeploymentPostprocessing = 0;
		};
/* End PBXFrameworksBuildPhase section */

/* Begin PBXGroup section */
		7A2ABCCE2BF742A30054A604 /* Component */ = {
			isa = PBXGroup;
			children = (
				7A2ABCE92BF82B020054A604 /* Style */,
				7A2ABCE22BF74EAF0054A604 /* Layout */,
				7A2ABCD82BF7474E0054A604 /* Font */,
				7A2ABCCF2BF742B70054A604 /* Color */,
			);
			path = Component;
			sourceTree = "<group>";
		};
		7A2ABCCF2BF742B70054A604 /* Color */ = {
			isa = PBXGroup;
			children = (
				7A2ABCD42BF743E70054A604 /* ThemeColor.swift */,
				7A2ABCD02BF742CA0054A604 /* FontColor.swift */,
				7A2ABCD62BF744100054A604 /* ButtonColor.swift */,
				7A2ABCD22BF7434A0054A604 /* ChipColor.swift */,
			);
			path = Color;
			sourceTree = "<group>";
		};
		7A2ABCD82BF7474E0054A604 /* Font */ = {
			isa = PBXGroup;
			children = (
				7A2ABCE02BF74B090054A604 /* TossFaceFontMac.ttf */,
				7A2ABCDA2BF747BE0054A604 /* Pretendard-Bold.otf */,
				7A2ABCD92BF747BE0054A604 /* Pretendard-SemiBold.otf */,
				7A2ABCDE2BF748130054A604 /* Font.swift */,
			);
			path = Font;
			sourceTree = "<group>";
		};
		7A2ABCE22BF74EAF0054A604 /* Layout */ = {
			isa = PBXGroup;
			children = (
				7A2ABCFE2BF8313E0054A604 /* ChipLayout.swift */,
				7A2ABCE32BF74F3F0054A604 /* FlowLayout.swift */,
				7A2ABCE52BF798AB0054A604 /* FlexableScrollLayout.swift */,
			);
			path = Layout;
			sourceTree = "<group>";
		};
		7A2ABCE92BF82B020054A604 /* Style */ = {
			isa = PBXGroup;
			children = (
				7A2ABCF72BF82F800054A604 /* TextFeildStyle */,
				7A2ABCEA2BF82B0B0054A604 /* ButtonStyle */,
			);
			name = Style;
			path = "ㄴ쇼ㅣㄷ";
			sourceTree = "<group>";
		};
		7A2ABCEA2BF82B0B0054A604 /* ButtonStyle */ = {
			isa = PBXGroup;
			children = (
				7A2ABD012BF832E90054A604 /* ChipButtonStyle.swift */,
				7A2ABCF32BF82F780054A604 /* ContentButtonStyle.swift */,
				7A2ABCF42BF82F780054A604 /* PrimaryButtonStyle.swift */,
			);
			path = ButtonStyle;
			sourceTree = "<group>";
		};
		7A2ABCF72BF82F800054A604 /* TextFeildStyle */ = {
			isa = PBXGroup;
			children = (
				7A2ABCFC2BF830E20054A604 /* AccentTextFieldStyle.swift */,
			);
			path = TextFeildStyle;
			sourceTree = "<group>";
		};
		7AF0A26F2BF6F32A0068CB48 = {
			isa = PBXGroup;
			children = (
				7AF0A27A2BF6F32A0068CB48 /* Exploler */,
				7AF0A2792BF6F32A0068CB48 /* Products */,
			);
			sourceTree = "<group>";
		};
		7AF0A2792BF6F32A0068CB48 /* Products */ = {
			isa = PBXGroup;
			children = (
				7AF0A2782BF6F32A0068CB48 /* Exploler.app */,
			);
			name = Products;
			sourceTree = "<group>";
		};
		7AF0A27A2BF6F32A0068CB48 /* Exploler */ = {
			isa = PBXGroup;
			children = (
				7A2ABCDD2BF747F70054A604 /* Info.plist */,
				7A2ABCCE2BF742A30054A604 /* Component */,
				7AF0A27B2BF6F32A0068CB48 /* ExplolerApp.swift */,
				7AF0A27D2BF6F32A0068CB48 /* ContentView.swift */,
				7AF0A27F2BF6F32B0068CB48 /* Assets.xcassets */,
				7AF0A2812BF6F32B0068CB48 /* Preview Content */,
			);
			path = Exploler;
			sourceTree = "<group>";
		};
		7AF0A2812BF6F32B0068CB48 /* Preview Content */ = {
			isa = PBXGroup;
			children = (
				7AF0A2822BF6F32B0068CB48 /* Preview Assets.xcassets */,
			);
			path = "Preview Content";
			sourceTree = "<group>";
		};
/* End PBXGroup section */

/* Begin PBXNativeTarget section */
		7AF0A2772BF6F32A0068CB48 /* Exploler */ = {
			isa = PBXNativeTarget;
			buildConfigurationList = 7AF0A2862BF6F32B0068CB48 /* Build configuration list for PBXNativeTarget "Exploler" */;
			buildPhases = (
				7AF0A2742BF6F32A0068CB48 /* Sources */,
				7AF0A2752BF6F32A0068CB48 /* Frameworks */,
				7AF0A2762BF6F32A0068CB48 /* Resources */,
			);
			buildRules = (
			);
			dependencies = (
			);
			name = Exploler;
			productName = Exploler;
			productReference = 7AF0A2782BF6F32A0068CB48 /* Exploler.app */;
			productType = "com.apple.product-type.application";
		};
/* End PBXNativeTarget section */

/* Begin PBXProject section */
		7AF0A2702BF6F32A0068CB48 /* Project object */ = {
			isa = PBXProject;
			attributes = {
				BuildIndependentTargetsInParallel = 1;
				LastSwiftUpdateCheck = 1530;
				LastUpgradeCheck = 1530;
				TargetAttributes = {
					7AF0A2772BF6F32A0068CB48 = {
						CreatedOnToolsVersion = 15.3;
					};
				};
			};
			buildConfigurationList = 7AF0A2732BF6F32A0068CB48 /* Build configuration list for PBXProject "Exploler" */;
			compatibilityVersion = "Xcode 14.0";
			developmentRegion = en;
			hasScannedForEncodings = 0;
			knownRegions = (
				en,
				Base,
			);
			mainGroup = 7AF0A26F2BF6F32A0068CB48;
			productRefGroup = 7AF0A2792BF6F32A0068CB48 /* Products */;
			projectDirPath = "";
			projectRoot = "";
			targets = (
				7AF0A2772BF6F32A0068CB48 /* Exploler */,
			);
		};
/* End PBXProject section */

/* Begin PBXResourcesBuildPhase section */
		7AF0A2762BF6F32A0068CB48 /* Resources */ = {
			isa = PBXResourcesBuildPhase;
			buildActionMask = 2147483647;
			files = (
				7A2ABCDB2BF747BE0054A604 /* Pretendard-SemiBold.otf in Resources */,
				7A2ABCDC2BF747BE0054A604 /* Pretendard-Bold.otf in Resources */,
				7A2ABCE12BF74B090054A604 /* TossFaceFontMac.ttf in Resources */,
				7AF0A2832BF6F32B0068CB48 /* Preview Assets.xcassets in Resources */,
				7AF0A2802BF6F32B0068CB48 /* Assets.xcassets in Resources */,
			);
			runOnlyForDeploymentPostprocessing = 0;
		};
/* End PBXResourcesBuildPhase section */

/* Begin PBXSourcesBuildPhase section */
		7AF0A2742BF6F32A0068CB48 /* Sources */ = {
			isa = PBXSourcesBuildPhase;
			buildActionMask = 2147483647;
			files = (
				7A2ABCE62BF798AB0054A604 /* FlexableScrollLayout.swift in Sources */,
				7AF0A27E2BF6F32A0068CB48 /* ContentView.swift in Sources */,
				7A2ABCF52BF82F780054A604 /* ContentButtonStyle.swift in Sources */,
				7A2ABCE42BF74F3F0054A604 /* FlowLayout.swift in Sources */,
				7A2ABCD72BF744100054A604 /* ButtonColor.swift in Sources */,
				7A2ABD022BF832E90054A604 /* ChipButtonStyle.swift in Sources */,
				7A2ABCF62BF82F780054A604 /* PrimaryButtonStyle.swift in Sources */,
				7A2ABCFD2BF830E20054A604 /* AccentTextFieldStyle.swift in Sources */,
				7A2ABCDF2BF748130054A604 /* Font.swift in Sources */,
				7A2ABCD32BF7434A0054A604 /* ChipColor.swift in Sources */,
				7A2ABCFF2BF8313E0054A604 /* ChipLayout.swift in Sources */,
				7AF0A27C2BF6F32A0068CB48 /* ExplolerApp.swift in Sources */,
				7A2ABCD12BF742CA0054A604 /* FontColor.swift in Sources */,
				7A2ABCD52BF743E70054A604 /* ThemeColor.swift in Sources */,
			);
			runOnlyForDeploymentPostprocessing = 0;
		};
/* End PBXSourcesBuildPhase section */

/* Begin XCBuildConfiguration section */
		7AF0A2842BF6F32B0068CB48 /* Debug */ = {
			isa = XCBuildConfiguration;
			buildSettings = {
				ALWAYS_SEARCH_USER_PATHS = NO;
				ASSETCATALOG_COMPILER_GENERATE_SWIFT_ASSET_SYMBOL_EXTENSIONS = YES;
				CLANG_ANALYZER_NONNULL = YES;
				CLANG_ANALYZER_NUMBER_OBJECT_CONVERSION = YES_AGGRESSIVE;
				CLANG_CXX_LANGUAGE_STANDARD = "gnu++20";
				CLANG_ENABLE_MODULES = YES;
				CLANG_ENABLE_OBJC_ARC = YES;
				CLANG_ENABLE_OBJC_WEAK = YES;
				CLANG_WARN_BLOCK_CAPTURE_AUTORELEASING = YES;
				CLANG_WARN_BOOL_CONVERSION = YES;
				CLANG_WARN_COMMA = YES;
				CLANG_WARN_CONSTANT_CONVERSION = YES;
				CLANG_WARN_DEPRECATED_OBJC_IMPLEMENTATIONS = YES;
				CLANG_WARN_DIRECT_OBJC_ISA_USAGE = YES_ERROR;
				CLANG_WARN_DOCUMENTATION_COMMENTS = YES;
				CLANG_WARN_EMPTY_BODY = YES;
				CLANG_WARN_ENUM_CONVERSION = YES;
				CLANG_WARN_INFINITE_RECURSION = YES;
				CLANG_WARN_INT_CONVERSION = YES;
				CLANG_WARN_NON_LITERAL_NULL_CONVERSION = YES;
				CLANG_WARN_OBJC_IMPLICIT_RETAIN_SELF = YES;
				CLANG_WARN_OBJC_LITERAL_CONVERSION = YES;
				CLANG_WARN_OBJC_ROOT_CLASS = YES_ERROR;
				CLANG_WARN_QUOTED_INCLUDE_IN_FRAMEWORK_HEADER = YES;
				CLANG_WARN_RANGE_LOOP_ANALYSIS = YES;
				CLANG_WARN_STRICT_PROTOTYPES = YES;
				CLANG_WARN_SUSPICIOUS_MOVE = YES;
				CLANG_WARN_UNGUARDED_AVAILABILITY = YES_AGGRESSIVE;
				CLANG_WARN_UNREACHABLE_CODE = YES;
				CLANG_WARN__DUPLICATE_METHOD_MATCH = YES;
				COPY_PHASE_STRIP = NO;
				DEBUG_INFORMATION_FORMAT = dwarf;
				ENABLE_STRICT_OBJC_MSGSEND = YES;
				ENABLE_TESTABILITY = YES;
				ENABLE_USER_SCRIPT_SANDBOXING = YES;
				GCC_C_LANGUAGE_STANDARD = gnu17;
				GCC_DYNAMIC_NO_PIC = NO;
				GCC_NO_COMMON_BLOCKS = YES;
				GCC_OPTIMIZATION_LEVEL = 0;
				GCC_PREPROCESSOR_DEFINITIONS = (
					"DEBUG=1",
					"$(inherited)",
				);
				GCC_WARN_64_TO_32_BIT_CONVERSION = YES;
				GCC_WARN_ABOUT_RETURN_TYPE = YES_ERROR;
				GCC_WARN_UNDECLARED_SELECTOR = YES;
				GCC_WARN_UNINITIALIZED_AUTOS = YES_AGGRESSIVE;
				GCC_WARN_UNUSED_FUNCTION = YES;
				GCC_WARN_UNUSED_VARIABLE = YES;
				IPHONEOS_DEPLOYMENT_TARGET = 17.4;
				LOCALIZATION_PREFERS_STRING_CATALOGS = YES;
				MTL_ENABLE_DEBUG_INFO = INCLUDE_SOURCE;
				MTL_FAST_MATH = YES;
				ONLY_ACTIVE_ARCH = YES;
				SDKROOT = iphoneos;
				SWIFT_ACTIVE_COMPILATION_CONDITIONS = "DEBUG $(inherited)";
				SWIFT_OPTIMIZATION_LEVEL = "-Onone";
			};
			name = Debug;
		};
		7AF0A2852BF6F32B0068CB48 /* Release */ = {
			isa = XCBuildConfiguration;
			buildSettings = {
				ALWAYS_SEARCH_USER_PATHS = NO;
				ASSETCATALOG_COMPILER_GENERATE_SWIFT_ASSET_SYMBOL_EXTENSIONS = YES;
				CLANG_ANALYZER_NONNULL = YES;
				CLANG_ANALYZER_NUMBER_OBJECT_CONVERSION = YES_AGGRESSIVE;
				CLANG_CXX_LANGUAGE_STANDARD = "gnu++20";
				CLANG_ENABLE_MODULES = YES;
				CLANG_ENABLE_OBJC_ARC = YES;
				CLANG_ENABLE_OBJC_WEAK = YES;
				CLANG_WARN_BLOCK_CAPTURE_AUTORELEASING = YES;
				CLANG_WARN_BOOL_CONVERSION = YES;
				CLANG_WARN_COMMA = YES;
				CLANG_WARN_CONSTANT_CONVERSION = YES;
				CLANG_WARN_DEPRECATED_OBJC_IMPLEMENTATIONS = YES;
				CLANG_WARN_DIRECT_OBJC_ISA_USAGE = YES_ERROR;
				CLANG_WARN_DOCUMENTATION_COMMENTS = YES;
				CLANG_WARN_EMPTY_BODY = YES;
				CLANG_WARN_ENUM_CONVERSION = YES;
				CLANG_WARN_INFINITE_RECURSION = YES;
				CLANG_WARN_INT_CONVERSION = YES;
				CLANG_WARN_NON_LITERAL_NULL_CONVERSION = YES;
				CLANG_WARN_OBJC_IMPLICIT_RETAIN_SELF = YES;
				CLANG_WARN_OBJC_LITERAL_CONVERSION = YES;
				CLANG_WARN_OBJC_ROOT_CLASS = YES_ERROR;
				CLANG_WARN_QUOTED_INCLUDE_IN_FRAMEWORK_HEADER = YES;
				CLANG_WARN_RANGE_LOOP_ANALYSIS = YES;
				CLANG_WARN_STRICT_PROTOTYPES = YES;
				CLANG_WARN_SUSPICIOUS_MOVE = YES;
				CLANG_WARN_UNGUARDED_AVAILABILITY = YES_AGGRESSIVE;
				CLANG_WARN_UNREACHABLE_CODE = YES;
				CLANG_WARN__DUPLICATE_METHOD_MATCH = YES;
				COPY_PHASE_STRIP = NO;
				DEBUG_INFORMATION_FORMAT = "dwarf-with-dsym";
				ENABLE_NS_ASSERTIONS = NO;
				ENABLE_STRICT_OBJC_MSGSEND = YES;
				ENABLE_USER_SCRIPT_SANDBOXING = YES;
				GCC_C_LANGUAGE_STANDARD = gnu17;
				GCC_NO_COMMON_BLOCKS = YES;
				GCC_WARN_64_TO_32_BIT_CONVERSION = YES;
				GCC_WARN_ABOUT_RETURN_TYPE = YES_ERROR;
				GCC_WARN_UNDECLARED_SELECTOR = YES;
				GCC_WARN_UNINITIALIZED_AUTOS = YES_AGGRESSIVE;
				GCC_WARN_UNUSED_FUNCTION = YES;
				GCC_WARN_UNUSED_VARIABLE = YES;
				IPHONEOS_DEPLOYMENT_TARGET = 17.4;
				LOCALIZATION_PREFERS_STRING_CATALOGS = YES;
				MTL_ENABLE_DEBUG_INFO = NO;
				MTL_FAST_MATH = YES;
				SDKROOT = iphoneos;
				SWIFT_COMPILATION_MODE = wholemodule;
				VALIDATE_PRODUCT = YES;
			};
			name = Release;
		};
		7AF0A2872BF6F32B0068CB48 /* Debug */ = {
			isa = XCBuildConfiguration;
			buildSettings = {
				ASSETCATALOG_COMPILER_APPICON_NAME = AppIcon;
				ASSETCATALOG_COMPILER_GLOBAL_ACCENT_COLOR_NAME = AccentColor;
				CODE_SIGN_STYLE = Automatic;
				CURRENT_PROJECT_VERSION = 1;
				DEVELOPMENT_ASSET_PATHS = "\"Exploler/Preview Content\"";
				DEVELOPMENT_TEAM = 88DQM3PTQR;
				ENABLE_PREVIEWS = YES;
				GENERATE_INFOPLIST_FILE = YES;
				INFOPLIST_FILE = Exploler/Info.plist;
				INFOPLIST_KEY_UIApplicationSceneManifest_Generation = YES;
				INFOPLIST_KEY_UIApplicationSupportsIndirectInputEvents = YES;
				INFOPLIST_KEY_UILaunchScreen_Generation = YES;
				INFOPLIST_KEY_UISupportedInterfaceOrientations_iPad = "UIInterfaceOrientationPortrait UIInterfaceOrientationPortraitUpsideDown UIInterfaceOrientationLandscapeLeft UIInterfaceOrientationLandscapeRight";
				INFOPLIST_KEY_UISupportedInterfaceOrientations_iPhone = "UIInterfaceOrientationPortrait UIInterfaceOrientationLandscapeLeft UIInterfaceOrientationLandscapeRight";
				LD_RUNPATH_SEARCH_PATHS = (
					"$(inherited)",
					"@executable_path/Frameworks",
				);
				MARKETING_VERSION = 1.0;
				PRODUCT_BUNDLE_IDENTIFIER = com.github.jaeho0718.Exploler;
				PRODUCT_NAME = "$(TARGET_NAME)";
				SWIFT_EMIT_LOC_STRINGS = YES;
				SWIFT_VERSION = 5.0;
				TARGETED_DEVICE_FAMILY = "1,2";
			};
			name = Debug;
		};
		7AF0A2882BF6F32B0068CB48 /* Release */ = {
			isa = XCBuildConfiguration;
			buildSettings = {
				ASSETCATALOG_COMPILER_APPICON_NAME = AppIcon;
				ASSETCATALOG_COMPILER_GLOBAL_ACCENT_COLOR_NAME = AccentColor;
				CODE_SIGN_STYLE = Automatic;
				CURRENT_PROJECT_VERSION = 1;
				DEVELOPMENT_ASSET_PATHS = "\"Exploler/Preview Content\"";
				DEVELOPMENT_TEAM = 88DQM3PTQR;
				ENABLE_PREVIEWS = YES;
				GENERATE_INFOPLIST_FILE = YES;
				INFOPLIST_FILE = Exploler/Info.plist;
				INFOPLIST_KEY_UIApplicationSceneManifest_Generation = YES;
				INFOPLIST_KEY_UIApplicationSupportsIndirectInputEvents = YES;
				INFOPLIST_KEY_UILaunchScreen_Generation = YES;
				INFOPLIST_KEY_UISupportedInterfaceOrientations_iPad = "UIInterfaceOrientationPortrait UIInterfaceOrientationPortraitUpsideDown UIInterfaceOrientationLandscapeLeft UIInterfaceOrientationLandscapeRight";
				INFOPLIST_KEY_UISupportedInterfaceOrientations_iPhone = "UIInterfaceOrientationPortrait UIInterfaceOrientationLandscapeLeft UIInterfaceOrientationLandscapeRight";
				LD_RUNPATH_SEARCH_PATHS = (
					"$(inherited)",
					"@executable_path/Frameworks",
				);
				MARKETING_VERSION = 1.0;
				PRODUCT_BUNDLE_IDENTIFIER = com.github.jaeho0718.Exploler;
				PRODUCT_NAME = "$(TARGET_NAME)";
				SWIFT_EMIT_LOC_STRINGS = YES;
				SWIFT_VERSION = 5.0;
				TARGETED_DEVICE_FAMILY = "1,2";
			};
			name = Release;
		};
/* End XCBuildConfiguration section */

/* Begin XCConfigurationList section */
		7AF0A2732BF6F32A0068CB48 /* Build configuration list for PBXProject "Exploler" */ = {
			isa = XCConfigurationList;
			buildConfigurations = (
				7AF0A2842BF6F32B0068CB48 /* Debug */,
				7AF0A2852BF6F32B0068CB48 /* Release */,
			);
			defaultConfigurationIsVisible = 0;
			defaultConfigurationName = Release;
		};
		7AF0A2862BF6F32B0068CB48 /* Build configuration list for PBXNativeTarget "Exploler" */ = {
			isa = XCConfigurationList;
			buildConfigurations = (
				7AF0A2872BF6F32B0068CB48 /* Debug */,
				7AF0A2882BF6F32B0068CB48 /* Release */,
			);
			defaultConfigurationIsVisible = 0;
			defaultConfigurationName = Release;
		};
/* End XCConfigurationList section */
	};
	rootObject = 7AF0A2702BF6F32A0068CB48 /* Project object */;
}
